
Microsoft Visual Studio Solution File, Format Version 12.00
# Visual Studio 15
VisualStudioVersion = 15.0.27130.2027
MinimumVisualStudioVersion = 10.0.40219.1
Project("{FAE04EC0-301F-11D3-BF4B-00C04F79EFBC}") = "AutomationFramework", "AutomationFramework\AutomationFramework.csproj", "{50AC05FD-A64C-41CF-9B09-4E32D4BDDD38}"
EndProject
Project("{FAE04EC0-301F-11D3-BF4B-00C04F79EFBC}") = "AutomationFrameworkTests", "AutomationFrameworkTests\AutomationFrameworkTests.csproj", "{5C2E5DB5-7E80-42F1-9C72-D8159E048CA8}"
EndProject
Global
	GlobalSection(SolutionConfigurationPlatforms) = preSolution
		Debug|Any CPU = Debug|Any CPU
		Release|Any CPU = Release|Any CPU
	EndGlobalSection
	GlobalSection(ProjectConfigurationPlatforms) = postSolution
		{50AC05FD-A64C-41CF-9B09-4E32D4BDDD38}.Debug|Any CPU.ActiveCfg = Debug|Any CPU
		{50AC05FD-A64C-41CF-9B09-4E32D4BDDD38}.Debug|Any CPU.Build.0 = Debug|Any CPU
		{50AC05FD-A64C-41CF-9B09-4E32D4BDDD38}.Release|Any CPU.ActiveCfg = Release|Any CPU
		{50AC05FD-A64C-41CF-9B09-4E32D4BDDD38}.Release|Any CPU.Build.0 = Release|Any CPU
		{5C2E5DB5-7E80-42F1-9C72-D8159E048CA8}.Debug|Any CPU.ActiveCfg = Debug|Any CPU
		{5C2E5DB5-7E80-42F1-9C72-D8159E048CA8}.Debug|Any CPU.Build.0 = Debug|Any CPU
		{5C2E5DB5-7E80-42F1-9C72-D8159E048CA8}.Release|Any CPU.ActiveCfg = Release|Any CPU
		{5C2E5DB5-7E80-42F1-9C72-D8159E048CA8}.Release|Any CPU.Build.0 = Release|Any CPU
	EndGlobalSection
	GlobalSection(SolutionProperties) = preSolution
		HideSolutionNode = FALSE
	EndGlobalSection
	GlobalSection(ExtensibilityGlobals) = postSolution
		SolutionGuid = {DBB42DBF-47A6-41F5-9AAE-852ED4B855E3}
	EndGlobalSection
	GlobalSection(TeamFoundationVersionControl) = preSolution
		SccNumberOfProjects = 3
		SccEnterpriseProvider = {4CA58AB2-18FA-4F8D-95D4-32DDF27D184C}
		SccTeamFoundationServer = https://ceisolutions.visualstudio.com/defaultcollection
		SccLocalPath0 = .
		SccProjectUniqueName1 = AutomationFramework\\AutomationFramework.csproj
		SccProjectName1 = AutomationFramework
		SccLocalPath1 = AutomationFramework
		SccProjectUniqueName2 = AutomationFrameworkTests\\AutomationFrameworkTests.csproj
		SccProjectName2 = AutomationFrameworkTests
		SccLocalPath2 = AutomationFrameworkTests
	EndGlobalSection
EndGlobal
